
Microsoft Visual Studio Solution File, Format Version 12.00
# Visual Studio Version 16
VisualStudioVersion = 16.0.29021.104
MinimumVisualStudioVersion = 10.0.40219.1
Project("{2150E333-8FDC-42A3-9474-1A3956D46DE8}") = "Solution Items", "Solution Items", "{C98FF34D-52C3-44DA-9740-263E47AB5490}"
	ProjectSection(SolutionItems) = preProject
		.gitattributes = .gitattributes
		.gitignore = .gitignore
		LICENSE = LICENSE
		nuget_icon.png = nuget_icon.png
		nuget_icon_light.ico = nuget_icon_light.ico
		nuget_icon_light.png = nuget_icon_light.png
		README.md = README.md
	EndProjectSection
EndProject
Project("{9A19103F-16F7-4668-BE54-9A1E7A4F7556}") = "EntityFrameworkCore.Cacheable", "EntityFrameworkCore.Cacheable\EntityFrameworkCore.Cacheable.csproj", "{2E5890B2-9409-45CA-977A-5AC2F5B907B2}"
EndProject
Project("{9A19103F-16F7-4668-BE54-9A1E7A4F7556}") = "EntityFrameworkCore.Cacheable.Tests", "EntityFrameworkCore.Cacheable.Tests\EntityFrameworkCore.Cacheable.Tests.csproj", "{BE7587CF-CE75-4B11-B351-ADB3037BA301}"
EndProject
Global
	GlobalSection(SolutionConfigurationPlatforms) = preSolution
		Debug|Any CPU = Debug|Any CPU
		Release|Any CPU = Release|Any CPU
	EndGlobalSection
	GlobalSection(ProjectConfigurationPlatforms) = postSolution
		{2E5890B2-9409-45CA-977A-5AC2F5B907B2}.Debug|Any CPU.ActiveCfg = Debug|Any CPU
		{2E5890B2-9409-45CA-977A-5AC2F5B907B2}.Debug|Any CPU.Build.0 = Debug|Any CPU
		{2E5890B2-9409-45CA-977A-5AC2F5B907B2}.Release|Any CPU.ActiveCfg = Release|Any CPU
		{2E5890B2-9409-45CA-977A-5AC2F5B907B2}.Release|Any CPU.Build.0 = Release|Any CPU
		{BE7587CF-CE75-4B11-B351-ADB3037BA301}.Debug|Any CPU.ActiveCfg = Debug|Any CPU
		{BE7587CF-CE75-4B11-B351-ADB3037BA301}.Debug|Any CPU.Build.0 = Debug|Any CPU
		{BE7587CF-CE75-4B11-B351-ADB3037BA301}.Release|Any CPU.ActiveCfg = Release|Any CPU
		{BE7587CF-CE75-4B11-B351-ADB3037BA301}.Release|Any CPU.Build.0 = Release|Any CPU
	EndGlobalSection
	GlobalSection(SolutionProperties) = preSolution
		HideSolutionNode = FALSE
	EndGlobalSection
	GlobalSection(ExtensibilityGlobals) = postSolution
		SolutionGuid = {B94B9A84-34AD-4181-8409-76784A0DB0D1}
	EndGlobalSection
EndGlobal
